{
  "name": "pokedex-fullstack-tech-challenge",
  "version": "1.0.0",
  "lockfileVersion": 3,
  "requires": true,
  "packages": {
    "": {
      "name": "pokedex-fullstack-tech-challenge",
      "version": "1.0.0",
      "license": "MIT",
      "workspaces": [
        "apps/server",
        "apps/web"
      ]
    },
    "apps/server": {
      "version": "1.0.0",
      "license": "MIT"
    },
    "apps/web": {
      "version": "1.0.0",
      "license": "MIT",
      "devDependencies": {}
    },
    "node_modules/server": {
      "resolved": "apps/server",
      "link": true
    },
    "node_modules/web": {
      "resolved": "apps/web",
      "link": true
    }
  }
}
